
Microsoft Visual Studio Solution File, Format Version 12.00
# Visual Studio Version 16
VisualStudioVersion = 16.0.29905.134
MinimumVisualStudioVersion = 10.0.40219.1
Project("{2150E333-8FDC-42A3-9474-1A3956D46DE8}") = "build", "build", "{90142FCF-F3A8-4635-AAF2-4390FA68EFFE}"
	ProjectSection(SolutionItems) = preProject
		Rules.ruleset = Rules.ruleset
	EndProjectSection
EndProject
Project("{9A19103F-16F7-4668-BE54-9A1E7A4F7556}") = "CovidDotNet", "src\CovidDotNet\CovidDotNet.csproj", "{11924360-6D17-409D-849B-0EE29DF85CFB}"
EndProject
Project("{9A19103F-16F7-4668-BE54-9A1E7A4F7556}") = "CovidDotNet.Tests", "src\CovidDotNet.Tests\CovidDotNet.Tests.csproj", "{3362CA28-6634-4893-8C33-CEEE67A81631}"
EndProject
Global
	GlobalSection(SolutionConfigurationPlatforms) = preSolution
		Debug|Any CPU = Debug|Any CPU
		Release|Any CPU = Release|Any CPU
	EndGlobalSection
	GlobalSection(ProjectConfigurationPlatforms) = postSolution
		{11924360-6D17-409D-849B-0EE29DF85CFB}.Debug|Any CPU.ActiveCfg = Debug|Any CPU
		{11924360-6D17-409D-849B-0EE29DF85CFB}.Debug|Any CPU.Build.0 = Debug|Any CPU
		{11924360-6D17-409D-849B-0EE29DF85CFB}.Release|Any CPU.ActiveCfg = Release|Any CPU
		{11924360-6D17-409D-849B-0EE29DF85CFB}.Release|Any CPU.Build.0 = Release|Any CPU
		{3362CA28-6634-4893-8C33-CEEE67A81631}.Debug|Any CPU.ActiveCfg = Debug|Any CPU
		{3362CA28-6634-4893-8C33-CEEE67A81631}.Debug|Any CPU.Build.0 = Debug|Any CPU
		{3362CA28-6634-4893-8C33-CEEE67A81631}.Release|Any CPU.ActiveCfg = Release|Any CPU
		{3362CA28-6634-4893-8C33-CEEE67A81631}.Release|Any CPU.Build.0 = Release|Any CPU
	EndGlobalSection
	GlobalSection(SolutionProperties) = preSolution
		HideSolutionNode = FALSE
	EndGlobalSection
	GlobalSection(ExtensibilityGlobals) = postSolution
		SolutionGuid = {9ED5209C-1EA0-4E48-B6ED-563721ABF624}
	EndGlobalSection
EndGlobal
